
Microsoft Visual Studio Solution File, Format Version 12.00
# Visual Studio Version 16
VisualStudioVersion = 16.0.29020.237
MinimumVisualStudioVersion = 10.0.40219.1
Project("{9A19103F-16F7-4668-BE54-9A1E7A4F7556}") = "Speedy", "Speedy\Speedy.csproj", "{DE1FCAF6-D683-44B7-B8E3-FF6A19569C16}"
EndProject
Project("{9A19103F-16F7-4668-BE54-9A1E7A4F7556}") = "Speedy.EntityFramework", "Speedy.EntityFramework\Speedy.EntityFramework.csproj", "{E50E2118-8A6F-4FA1-A446-7571F542B844}"
EndProject
Project("{9A19103F-16F7-4668-BE54-9A1E7A4F7556}") = "Speedy.Website.Data", "Speedy.Website.Data\Speedy.Website.Data.csproj", "{A8716E62-358C-44F2-A18E-C5E585D097FD}"
EndProject
Project("{9A19103F-16F7-4668-BE54-9A1E7A4F7556}") = "Speedy.Website.Data.Sql", "Speedy.Website.Data.Sql\Speedy.Website.Data.Sql.csproj", "{71EE749A-5914-489C-B7C7-9BA7C59A35D2}"
EndProject
Project("{9A19103F-16F7-4668-BE54-9A1E7A4F7556}") = "Speedy.Website.Data.Sqlite", "Speedy.Website.Data.Sqlite\Speedy.Website.Data.Sqlite.csproj", "{8BF6D1C6-0541-4B05-A23D-3D7719497018}"
EndProject
Project("{9A19103F-16F7-4668-BE54-9A1E7A4F7556}") = "Speedy.Client.Data", "Speedy.Client.Data\Speedy.Client.Data.csproj", "{6490EA68-27AD-4321-BE2D-A1854DE2D992}"
EndProject
Project("{FAE04EC0-301F-11D3-BF4B-00C04F79EFBC}") = "Speedy.Client", "Speedy.Client\Speedy.Client.csproj", "{5D3EA990-B6C1-44CD-A610-9DF07C49AEAE}"
EndProject
Project("{2150E333-8FDC-42A3-9474-1A3956D46DE8}") = "Solution Items", "Solution Items", "{482440A1-EDF1-4557-BC4F-FE8C8554271D}"
	ProjectSection(SolutionItems) = preProject
		.editorconfig = .editorconfig
		Development.md = Development.md
		LICENSE.md = LICENSE.md
		README.md = README.md
	EndProjectSection
EndProject
Project("{2150E333-8FDC-42A3-9474-1A3956D46DE8}") = "Scripts", "Scripts", "{F1A7E526-B6CD-4FFA-9149-B469DA2819E3}"
	ProjectSection(SolutionItems) = preProject
		Build.ps1 = Build.ps1
		IncrementVersion.ps1 = IncrementVersion.ps1
		Publish.ps1 = Publish.ps1
	EndProjectSection
EndProject
Project("{9A19103F-16F7-4668-BE54-9A1E7A4F7556}") = "Speedy.Data", "Speedy.Data\Speedy.Data.csproj", "{1A4E38C5-0794-4CF3-93D5-0C88650BC71E}"
EndProject
Project("{FAE04EC0-301F-11D3-BF4B-00C04F79EFBC}") = "Speedy.Website", "Speedy.Website\Speedy.Website.csproj", "{DE2FB7F7-09AC-4AD0-9194-60B908312EAD}"
EndProject
Project("{FAE04EC0-301F-11D3-BF4B-00C04F79EFBC}") = "Speedy.UnitTests", "Speedy.UnitTests\Speedy.UnitTests.csproj", "{52A14891-8B2C-4F9B-90D4-D41203F33999}"
EndProject
Project("{FAE04EC0-301F-11D3-BF4B-00C04F79EFBC}") = "Speedy.IntegrationTests", "Speedy.IntegrationTests\Speedy.IntegrationTests.csproj", "{20F13ECA-3F2A-48A0-A406-C93D0A1E72C6}"
EndProject
Project("{FAE04EC0-301F-11D3-BF4B-00C04F79EFBC}") = "Speedy.Benchmark", "Speedy.Benchmark\Speedy.Benchmark.csproj", "{6EDD99B6-AD3A-454C-B227-E874EB2DB72A}"
EndProject
Project("{FAE04EC0-301F-11D3-BF4B-00C04F79EFBC}") = "Speedy.Mobile.UWP", "Speedy.Mobile\Speedy.Mobile.UWP\Speedy.Mobile.UWP.csproj", "{9723CB53-EADF-4E95-A305-CA0C59922A20}"
EndProject
Project("{FAE04EC0-301F-11D3-BF4B-00C04F79EFBC}") = "Speedy.Mobile.Android", "Speedy.Mobile\Speedy.Mobile.Android\Speedy.Mobile.Android.csproj", "{DAF6F6F8-526A-4B8F-8D43-7310F92662A2}"
EndProject
Project("{FAE04EC0-301F-11D3-BF4B-00C04F79EFBC}") = "Speedy.Mobile.iOS", "Speedy.Mobile\Speedy.Mobile.iOS\Speedy.Mobile.iOS.csproj", "{EBF05852-C2F7-4918-9A4A-E7EE9EAE4F87}"
EndProject
Project("{9A19103F-16F7-4668-BE54-9A1E7A4F7556}") = "Speedy.Mobile", "Speedy.Mobile\Speedy.Mobile\Speedy.Mobile.csproj", "{0741C631-F621-4BB2-A916-A40B2746B14B}"
EndProject
Project("{2150E333-8FDC-42A3-9474-1A3956D46DE8}") = "Samples", "Samples", "{97180568-CCF4-4011-B690-8162BC14D032}"
EndProject
Global
	GlobalSection(SolutionConfigurationPlatforms) = preSolution
		Debug|Any CPU = Debug|Any CPU
		Debug|ARM = Debug|ARM
		Debug|iPhone = Debug|iPhone
		Debug|iPhoneSimulator = Debug|iPhoneSimulator
		Debug|x64 = Debug|x64
		Debug|x86 = Debug|x86
		Release|Any CPU = Release|Any CPU
		Release|ARM = Release|ARM
		Release|iPhone = Release|iPhone
		Release|iPhoneSimulator = Release|iPhoneSimulator
		Release|x64 = Release|x64
		Release|x86 = Release|x86
	EndGlobalSection
	GlobalSection(ProjectConfigurationPlatforms) = postSolution
		{DE1FCAF6-D683-44B7-B8E3-FF6A19569C16}.Debug|Any CPU.ActiveCfg = Debug|Any CPU
		{DE1FCAF6-D683-44B7-B8E3-FF6A19569C16}.Debug|Any CPU.Build.0 = Debug|Any CPU
		{DE1FCAF6-D683-44B7-B8E3-FF6A19569C16}.Debug|ARM.ActiveCfg = Debug|Any CPU
		{DE1FCAF6-D683-44B7-B8E3-FF6A19569C16}.Debug|ARM.Build.0 = Debug|Any CPU
		{DE1FCAF6-D683-44B7-B8E3-FF6A19569C16}.Debug|iPhone.ActiveCfg = Debug|Any CPU
		{DE1FCAF6-D683-44B7-B8E3-FF6A19569C16}.Debug|iPhone.Build.0 = Debug|Any CPU
		{DE1FCAF6-D683-44B7-B8E3-FF6A19569C16}.Debug|iPhoneSimulator.ActiveCfg = Debug|Any CPU
		{DE1FCAF6-D683-44B7-B8E3-FF6A19569C16}.Debug|iPhoneSimulator.Build.0 = Debug|Any CPU
		{DE1FCAF6-D683-44B7-B8E3-FF6A19569C16}.Debug|x64.ActiveCfg = Debug|Any CPU
		{DE1FCAF6-D683-44B7-B8E3-FF6A19569C16}.Debug|x64.Build.0 = Debug|Any CPU
		{DE1FCAF6-D683-44B7-B8E3-FF6A19569C16}.Debug|x86.ActiveCfg = Debug|Any CPU
		{DE1FCAF6-D683-44B7-B8E3-FF6A19569C16}.Debug|x86.Build.0 = Debug|Any CPU
		{DE1FCAF6-D683-44B7-B8E3-FF6A19569C16}.Release|Any CPU.ActiveCfg = Release|Any CPU
		{DE1FCAF6-D683-44B7-B8E3-FF6A19569C16}.Release|Any CPU.Build.0 = Release|Any CPU
		{DE1FCAF6-D683-44B7-B8E3-FF6A19569C16}.Release|ARM.ActiveCfg = Release|Any CPU
		{DE1FCAF6-D683-44B7-B8E3-FF6A19569C16}.Release|ARM.Build.0 = Release|Any CPU
		{DE1FCAF6-D683-44B7-B8E3-FF6A19569C16}.Release|iPhone.ActiveCfg = Release|Any CPU
		{DE1FCAF6-D683-44B7-B8E3-FF6A19569C16}.Release|iPhone.Build.0 = Release|Any CPU
		{DE1FCAF6-D683-44B7-B8E3-FF6A19569C16}.Release|iPhoneSimulator.ActiveCfg = Release|Any CPU
		{DE1FCAF6-D683-44B7-B8E3-FF6A19569C16}.Release|iPhoneSimulator.Build.0 = Release|Any CPU
		{DE1FCAF6-D683-44B7-B8E3-FF6A19569C16}.Release|x64.ActiveCfg = Release|Any CPU
		{DE1FCAF6-D683-44B7-B8E3-FF6A19569C16}.Release|x64.Build.0 = Release|Any CPU
		{DE1FCAF6-D683-44B7-B8E3-FF6A19569C16}.Release|x86.ActiveCfg = Release|Any CPU
		{DE1FCAF6-D683-44B7-B8E3-FF6A19569C16}.Release|x86.Build.0 = Release|Any CPU
		{E50E2118-8A6F-4FA1-A446-7571F542B844}.Debug|Any CPU.ActiveCfg = Debug|Any CPU
		{E50E2118-8A6F-4FA1-A446-7571F542B844}.Debug|Any CPU.Build.0 = Debug|Any CPU
		{E50E2118-8A6F-4FA1-A446-7571F542B844}.Debug|ARM.ActiveCfg = Debug|Any CPU
		{E50E2118-8A6F-4FA1-A446-7571F542B844}.Debug|ARM.Build.0 = Debug|Any CPU
		{E50E2118-8A6F-4FA1-A446-7571F542B844}.Debug|iPhone.ActiveCfg = Debug|Any CPU
		{E50E2118-8A6F-4FA1-A446-7571F542B844}.Debug|iPhone.Build.0 = Debug|Any CPU
		{E50E2118-8A6F-4FA1-A446-7571F542B844}.Debug|iPhoneSimulator.ActiveCfg = Debug|Any CPU
		{E50E2118-8A6F-4FA1-A446-7571F542B844}.Debug|iPhoneSimulator.Build.0 = Debug|Any CPU
		{E50E2118-8A6F-4FA1-A446-7571F542B844}.Debug|x64.ActiveCfg = Debug|Any CPU
		{E50E2118-8A6F-4FA1-A446-7571F542B844}.Debug|x64.Build.0 = Debug|Any CPU
		{E50E2118-8A6F-4FA1-A446-7571F542B844}.Debug|x86.ActiveCfg = Debug|Any CPU
		{E50E2118-8A6F-4FA1-A446-7571F542B844}.Debug|x86.Build.0 = Debug|Any CPU
		{E50E2118-8A6F-4FA1-A446-7571F542B844}.Release|Any CPU.ActiveCfg = Release|Any CPU
		{E50E2118-8A6F-4FA1-A446-7571F542B844}.Release|Any CPU.Build.0 = Release|Any CPU
		{E50E2118-8A6F-4FA1-A446-7571F542B844}.Release|ARM.ActiveCfg = Release|Any CPU
		{E50E2118-8A6F-4FA1-A446-7571F542B844}.Release|ARM.Build.0 = Release|Any CPU
		{E50E2118-8A6F-4FA1-A446-7571F542B844}.Release|iPhone.ActiveCfg = Release|Any CPU
		{E50E2118-8A6F-4FA1-A446-7571F542B844}.Release|iPhone.Build.0 = Release|Any CPU
		{E50E2118-8A6F-4FA1-A446-7571F542B844}.Release|iPhoneSimulator.ActiveCfg = Release|Any CPU
		{E50E2118-8A6F-4FA1-A446-7571F542B844}.Release|iPhoneSimulator.Build.0 = Release|Any CPU
		{E50E2118-8A6F-4FA1-A446-7571F542B844}.Release|x64.ActiveCfg = Release|Any CPU
		{E50E2118-8A6F-4FA1-A446-7571F542B844}.Release|x64.Build.0 = Release|Any CPU
		{E50E2118-8A6F-4FA1-A446-7571F542B844}.Release|x86.ActiveCfg = Release|Any CPU
		{E50E2118-8A6F-4FA1-A446-7571F542B844}.Release|x86.Build.0 = Release|Any CPU
		{A8716E62-358C-44F2-A18E-C5E585D097FD}.Debug|Any CPU.ActiveCfg = Debug|Any CPU
		{A8716E62-358C-44F2-A18E-C5E585D097FD}.Debug|Any CPU.Build.0 = Debug|Any CPU
		{A8716E62-358C-44F2-A18E-C5E585D097FD}.Debug|ARM.ActiveCfg = Debug|Any CPU
		{A8716E62-358C-44F2-A18E-C5E585D097FD}.Debug|ARM.Build.0 = Debug|Any CPU
		{A8716E62-358C-44F2-A18E-C5E585D097FD}.Debug|iPhone.ActiveCfg = Debug|Any CPU
		{A8716E62-358C-44F2-A18E-C5E585D097FD}.Debug|iPhone.Build.0 = Debug|Any CPU
		{A8716E62-358C-44F2-A18E-C5E585D097FD}.Debug|iPhoneSimulator.ActiveCfg = Debug|Any CPU
		{A8716E62-358C-44F2-A18E-C5E585D097FD}.Debug|iPhoneSimulator.Build.0 = Debug|Any CPU
		{A8716E62-358C-44F2-A18E-C5E585D097FD}.Debug|x64.ActiveCfg = Debug|Any CPU
		{A8716E62-358C-44F2-A18E-C5E585D097FD}.Debug|x64.Build.0 = Debug|Any CPU
		{A8716E62-358C-44F2-A18E-C5E585D097FD}.Debug|x86.ActiveCfg = Debug|Any CPU
		{A8716E62-358C-44F2-A18E-C5E585D097FD}.Debug|x86.Build.0 = Debug|Any CPU
		{A8716E62-358C-44F2-A18E-C5E585D097FD}.Release|Any CPU.ActiveCfg = Release|Any CPU
		{A8716E62-358C-44F2-A18E-C5E585D097FD}.Release|Any CPU.Build.0 = Release|Any CPU
		{A8716E62-358C-44F2-A18E-C5E585D097FD}.Release|ARM.ActiveCfg = Release|Any CPU
		{A8716E62-358C-44F2-A18E-C5E585D097FD}.Release|ARM.Build.0 = Release|Any CPU
		{A8716E62-358C-44F2-A18E-C5E585D097FD}.Release|iPhone.ActiveCfg = Release|Any CPU
		{A8716E62-358C-44F2-A18E-C5E585D097FD}.Release|iPhone.Build.0 = Release|Any CPU
		{A8716E62-358C-44F2-A18E-C5E585D097FD}.Release|iPhoneSimulator.ActiveCfg = Release|Any CPU
		{A8716E62-358C-44F2-A18E-C5E585D097FD}.Release|iPhoneSimulator.Build.0 = Release|Any CPU
		{A8716E62-358C-44F2-A18E-C5E585D097FD}.Release|x64.ActiveCfg = Release|Any CPU
		{A8716E62-358C-44F2-A18E-C5E585D097FD}.Release|x64.Build.0 = Release|Any CPU
		{A8716E62-358C-44F2-A18E-C5E585D097FD}.Release|x86.ActiveCfg = Release|Any CPU
		{A8716E62-358C-44F2-A18E-C5E585D097FD}.Release|x86.Build.0 = Release|Any CPU
		{71EE749A-5914-489C-B7C7-9BA7C59A35D2}.Debug|Any CPU.ActiveCfg = Debug|Any CPU
		{71EE749A-5914-489C-B7C7-9BA7C59A35D2}.Debug|Any CPU.Build.0 = Debug|Any CPU
		{71EE749A-5914-489C-B7C7-9BA7C59A35D2}.Debug|ARM.ActiveCfg = Debug|Any CPU
		{71EE749A-5914-489C-B7C7-9BA7C59A35D2}.Debug|ARM.Build.0 = Debug|Any CPU
		{71EE749A-5914-489C-B7C7-9BA7C59A35D2}.Debug|iPhone.ActiveCfg = Debug|Any CPU
		{71EE749A-5914-489C-B7C7-9BA7C59A35D2}.Debug|iPhone.Build.0 = Debug|Any CPU
		{71EE749A-5914-489C-B7C7-9BA7C59A35D2}.Debug|iPhoneSimulator.ActiveCfg = Debug|Any CPU
		{71EE749A-5914-489C-B7C7-9BA7C59A35D2}.Debug|iPhoneSimulator.Build.0 = Debug|Any CPU
		{71EE749A-5914-489C-B7C7-9BA7C59A35D2}.Debug|x64.ActiveCfg = Debug|Any CPU
		{71EE749A-5914-489C-B7C7-9BA7C59A35D2}.Debug|x64.Build.0 = Debug|Any CPU
		{71EE749A-5914-489C-B7C7-9BA7C59A35D2}.Debug|x86.ActiveCfg = Debug|Any CPU
		{71EE749A-5914-489C-B7C7-9BA7C59A35D2}.Debug|x86.Build.0 = Debug|Any CPU
		{71EE749A-5914-489C-B7C7-9BA7C59A35D2}.Release|Any CPU.ActiveCfg = Release|Any CPU
		{71EE749A-5914-489C-B7C7-9BA7C59A35D2}.Release|Any CPU.Build.0 = Release|Any CPU
		{71EE749A-5914-489C-B7C7-9BA7C59A35D2}.Release|ARM.ActiveCfg = Release|Any CPU
		{71EE749A-5914-489C-B7C7-9BA7C59A35D2}.Release|ARM.Build.0 = Release|Any CPU
		{71EE749A-5914-489C-B7C7-9BA7C59A35D2}.Release|iPhone.ActiveCfg = Release|Any CPU
		{71EE749A-5914-489C-B7C7-9BA7C59A35D2}.Release|iPhone.Build.0 = Release|Any CPU
		{71EE749A-5914-489C-B7C7-9BA7C59A35D2}.Release|iPhoneSimulator.ActiveCfg = Release|Any CPU
		{71EE749A-5914-489C-B7C7-9BA7C59A35D2}.Release|iPhoneSimulator.Build.0 = Release|Any CPU
		{71EE749A-5914-489C-B7C7-9BA7C59A35D2}.Release|x64.ActiveCfg = Release|Any CPU
		{71EE749A-5914-489C-B7C7-9BA7C59A35D2}.Release|x64.Build.0 = Release|Any CPU
		{71EE749A-5914-489C-B7C7-9BA7C59A35D2}.Release|x86.ActiveCfg = Release|Any CPU
		{71EE749A-5914-489C-B7C7-9BA7C59A35D2}.Release|x86.Build.0 = Release|Any CPU
		{8BF6D1C6-0541-4B05-A23D-3D7719497018}.Debug|Any CPU.ActiveCfg = Debug|Any CPU
		{8BF6D1C6-0541-4B05-A23D-3D7719497018}.Debug|Any CPU.Build.0 = Debug|Any CPU
		{8BF6D1C6-0541-4B05-A23D-3D7719497018}.Debug|ARM.ActiveCfg = Debug|Any CPU
		{8BF6D1C6-0541-4B05-A23D-3D7719497018}.Debug|ARM.Build.0 = Debug|Any CPU
		{8BF6D1C6-0541-4B05-A23D-3D7719497018}.Debug|iPhone.ActiveCfg = Debug|Any CPU
		{8BF6D1C6-0541-4B05-A23D-3D7719497018}.Debug|iPhone.Build.0 = Debug|Any CPU
		{8BF6D1C6-0541-4B05-A23D-3D7719497018}.Debug|iPhoneSimulator.ActiveCfg = Debug|Any CPU
		{8BF6D1C6-0541-4B05-A23D-3D7719497018}.Debug|iPhoneSimulator.Build.0 = Debug|Any CPU
		{8BF6D1C6-0541-4B05-A23D-3D7719497018}.Debug|x64.ActiveCfg = Debug|Any CPU
		{8BF6D1C6-0541-4B05-A23D-3D7719497018}.Debug|x64.Build.0 = Debug|Any CPU
		{8BF6D1C6-0541-4B05-A23D-3D7719497018}.Debug|x86.ActiveCfg = Debug|Any CPU
		{8BF6D1C6-0541-4B05-A23D-3D7719497018}.Debug|x86.Build.0 = Debug|Any CPU
		{8BF6D1C6-0541-4B05-A23D-3D7719497018}.Release|Any CPU.ActiveCfg = Release|Any CPU
		{8BF6D1C6-0541-4B05-A23D-3D7719497018}.Release|Any CPU.Build.0 = Release|Any CPU
		{8BF6D1C6-0541-4B05-A23D-3D7719497018}.Release|ARM.ActiveCfg = Release|Any CPU
		{8BF6D1C6-0541-4B05-A23D-3D7719497018}.Release|ARM.Build.0 = Release|Any CPU
		{8BF6D1C6-0541-4B05-A23D-3D7719497018}.Release|iPhone.ActiveCfg = Release|Any CPU
		{8BF6D1C6-0541-4B05-A23D-3D7719497018}.Release|iPhone.Build.0 = Release|Any CPU
		{8BF6D1C6-0541-4B05-A23D-3D7719497018}.Release|iPhoneSimulator.ActiveCfg = Release|Any CPU
		{8BF6D1C6-0541-4B05-A23D-3D7719497018}.Release|iPhoneSimulator.Build.0 = Release|Any CPU
		{8BF6D1C6-0541-4B05-A23D-3D7719497018}.Release|x64.ActiveCfg = Release|Any CPU
		{8BF6D1C6-0541-4B05-A23D-3D7719497018}.Release|x64.Build.0 = Release|Any CPU
		{8BF6D1C6-0541-4B05-A23D-3D7719497018}.Release|x86.ActiveCfg = Release|Any CPU
		{8BF6D1C6-0541-4B05-A23D-3D7719497018}.Release|x86.Build.0 = Release|Any CPU
		{6490EA68-27AD-4321-BE2D-A1854DE2D992}.Debug|Any CPU.ActiveCfg = Debug|Any CPU
		{6490EA68-27AD-4321-BE2D-A1854DE2D992}.Debug|Any CPU.Build.0 = Debug|Any CPU
		{6490EA68-27AD-4321-BE2D-A1854DE2D992}.Debug|ARM.ActiveCfg = Debug|Any CPU
		{6490EA68-27AD-4321-BE2D-A1854DE2D992}.Debug|ARM.Build.0 = Debug|Any CPU
		{6490EA68-27AD-4321-BE2D-A1854DE2D992}.Debug|iPhone.ActiveCfg = Debug|Any CPU
		{6490EA68-27AD-4321-BE2D-A1854DE2D992}.Debug|iPhone.Build.0 = Debug|Any CPU
		{6490EA68-27AD-4321-BE2D-A1854DE2D992}.Debug|iPhoneSimulator.ActiveCfg = Debug|Any CPU
		{6490EA68-27AD-4321-BE2D-A1854DE2D992}.Debug|iPhoneSimulator.Build.0 = Debug|Any CPU
		{6490EA68-27AD-4321-BE2D-A1854DE2D992}.Debug|x64.ActiveCfg = Debug|Any CPU
		{6490EA68-27AD-4321-BE2D-A1854DE2D992}.Debug|x64.Build.0 = Debug|Any CPU
		{6490EA68-27AD-4321-BE2D-A1854DE2D992}.Debug|x86.ActiveCfg = Debug|Any CPU
		{6490EA68-27AD-4321-BE2D-A1854DE2D992}.Debug|x86.Build.0 = Debug|Any CPU
		{6490EA68-27AD-4321-BE2D-A1854DE2D992}.Release|Any CPU.ActiveCfg = Release|Any CPU
		{6490EA68-27AD-4321-BE2D-A1854DE2D992}.Release|Any CPU.Build.0 = Release|Any CPU
		{6490EA68-27AD-4321-BE2D-A1854DE2D992}.Release|ARM.ActiveCfg = Release|Any CPU
		{6490EA68-27AD-4321-BE2D-A1854DE2D992}.Release|ARM.Build.0 = Release|Any CPU
		{6490EA68-27AD-4321-BE2D-A1854DE2D992}.Release|iPhone.ActiveCfg = Release|Any CPU
		{6490EA68-27AD-4321-BE2D-A1854DE2D992}.Release|iPhone.Build.0 = Release|Any CPU
		{6490EA68-27AD-4321-BE2D-A1854DE2D992}.Release|iPhoneSimulator.ActiveCfg = Release|Any CPU
		{6490EA68-27AD-4321-BE2D-A1854DE2D992}.Release|iPhoneSimulator.Build.0 = Release|Any CPU
		{6490EA68-27AD-4321-BE2D-A1854DE2D992}.Release|x64.ActiveCfg = Release|Any CPU
		{6490EA68-27AD-4321-BE2D-A1854DE2D992}.Release|x64.Build.0 = Release|Any CPU
		{6490EA68-27AD-4321-BE2D-A1854DE2D992}.Release|x86.ActiveCfg = Release|Any CPU
		{6490EA68-27AD-4321-BE2D-A1854DE2D992}.Release|x86.Build.0 = Release|Any CPU
		{5D3EA990-B6C1-44CD-A610-9DF07C49AEAE}.Debug|Any CPU.ActiveCfg = Debug|Any CPU
		{5D3EA990-B6C1-44CD-A610-9DF07C49AEAE}.Debug|Any CPU.Build.0 = Debug|Any CPU
		{5D3EA990-B6C1-44CD-A610-9DF07C49AEAE}.Debug|ARM.ActiveCfg = Debug|Any CPU
		{5D3EA990-B6C1-44CD-A610-9DF07C49AEAE}.Debug|ARM.Build.0 = Debug|Any CPU
		{5D3EA990-B6C1-44CD-A610-9DF07C49AEAE}.Debug|iPhone.ActiveCfg = Debug|Any CPU
		{5D3EA990-B6C1-44CD-A610-9DF07C49AEAE}.Debug|iPhone.Build.0 = Debug|Any CPU
		{5D3EA990-B6C1-44CD-A610-9DF07C49AEAE}.Debug|iPhoneSimulator.ActiveCfg = Debug|Any CPU
		{5D3EA990-B6C1-44CD-A610-9DF07C49AEAE}.Debug|iPhoneSimulator.Build.0 = Debug|Any CPU
		{5D3EA990-B6C1-44CD-A610-9DF07C49AEAE}.Debug|x64.ActiveCfg = Debug|Any CPU
		{5D3EA990-B6C1-44CD-A610-9DF07C49AEAE}.Debug|x64.Build.0 = Debug|Any CPU
		{5D3EA990-B6C1-44CD-A610-9DF07C49AEAE}.Debug|x86.ActiveCfg = Debug|Any CPU
		{5D3EA990-B6C1-44CD-A610-9DF07C49AEAE}.Debug|x86.Build.0 = Debug|Any CPU
		{5D3EA990-B6C1-44CD-A610-9DF07C49AEAE}.Release|Any CPU.ActiveCfg = Release|Any CPU
		{5D3EA990-B6C1-44CD-A610-9DF07C49AEAE}.Release|Any CPU.Build.0 = Release|Any CPU
		{5D3EA990-B6C1-44CD-A610-9DF07C49AEAE}.Release|ARM.ActiveCfg = Release|Any CPU
		{5D3EA990-B6C1-44CD-A610-9DF07C49AEAE}.Release|ARM.Build.0 = Release|Any CPU
		{5D3EA990-B6C1-44CD-A610-9DF07C49AEAE}.Release|iPhone.ActiveCfg = Release|Any CPU
		{5D3EA990-B6C1-44CD-A610-9DF07C49AEAE}.Release|iPhone.Build.0 = Release|Any CPU
		{5D3EA990-B6C1-44CD-A610-9DF07C49AEAE}.Release|iPhoneSimulator.ActiveCfg = Release|Any CPU
		{5D3EA990-B6C1-44CD-A610-9DF07C49AEAE}.Release|iPhoneSimulator.Build.0 = Release|Any CPU
		{5D3EA990-B6C1-44CD-A610-9DF07C49AEAE}.Release|x64.ActiveCfg = Release|Any CPU
		{5D3EA990-B6C1-44CD-A610-9DF07C49AEAE}.Release|x64.Build.0 = Release|Any CPU
		{5D3EA990-B6C1-44CD-A610-9DF07C49AEAE}.Release|x86.ActiveCfg = Release|Any CPU
		{5D3EA990-B6C1-44CD-A610-9DF07C49AEAE}.Release|x86.Build.0 = Release|Any CPU
		{1A4E38C5-0794-4CF3-93D5-0C88650BC71E}.Debug|Any CPU.ActiveCfg = Debug|Any CPU
		{1A4E38C5-0794-4CF3-93D5-0C88650BC71E}.Debug|Any CPU.Build.0 = Debug|Any CPU
		{1A4E38C5-0794-4CF3-93D5-0C88650BC71E}.Debug|ARM.ActiveCfg = Debug|Any CPU
		{1A4E38C5-0794-4CF3-93D5-0C88650BC71E}.Debug|ARM.Build.0 = Debug|Any CPU
		{1A4E38C5-0794-4CF3-93D5-0C88650BC71E}.Debug|iPhone.ActiveCfg = Debug|Any CPU
		{1A4E38C5-0794-4CF3-93D5-0C88650BC71E}.Debug|iPhone.Build.0 = Debug|Any CPU
		{1A4E38C5-0794-4CF3-93D5-0C88650BC71E}.Debug|iPhoneSimulator.ActiveCfg = Debug|Any CPU
		{1A4E38C5-0794-4CF3-93D5-0C88650BC71E}.Debug|iPhoneSimulator.Build.0 = Debug|Any CPU
		{1A4E38C5-0794-4CF3-93D5-0C88650BC71E}.Debug|x64.ActiveCfg = Debug|Any CPU
		{1A4E38C5-0794-4CF3-93D5-0C88650BC71E}.Debug|x64.Build.0 = Debug|Any CPU
		{1A4E38C5-0794-4CF3-93D5-0C88650BC71E}.Debug|x86.ActiveCfg = Debug|Any CPU
		{1A4E38C5-0794-4CF3-93D5-0C88650BC71E}.Debug|x86.Build.0 = Debug|Any CPU
		{1A4E38C5-0794-4CF3-93D5-0C88650BC71E}.Release|Any CPU.ActiveCfg = Release|Any CPU
		{1A4E38C5-0794-4CF3-93D5-0C88650BC71E}.Release|Any CPU.Build.0 = Release|Any CPU
		{1A4E38C5-0794-4CF3-93D5-0C88650BC71E}.Release|ARM.ActiveCfg = Release|Any CPU
		{1A4E38C5-0794-4CF3-93D5-0C88650BC71E}.Release|ARM.Build.0 = Release|Any CPU
		{1A4E38C5-0794-4CF3-93D5-0C88650BC71E}.Release|iPhone.ActiveCfg = Release|Any CPU
		{1A4E38C5-0794-4CF3-93D5-0C88650BC71E}.Release|iPhone.Build.0 = Release|Any CPU
		{1A4E38C5-0794-4CF3-93D5-0C88650BC71E}.Release|iPhoneSimulator.ActiveCfg = Release|Any CPU
		{1A4E38C5-0794-4CF3-93D5-0C88650BC71E}.Release|iPhoneSimulator.Build.0 = Release|Any CPU
		{1A4E38C5-0794-4CF3-93D5-0C88650BC71E}.Release|x64.ActiveCfg = Release|Any CPU
		{1A4E38C5-0794-4CF3-93D5-0C88650BC71E}.Release|x64.Build.0 = Release|Any CPU
		{1A4E38C5-0794-4CF3-93D5-0C88650BC71E}.Release|x86.ActiveCfg = Release|Any CPU
		{1A4E38C5-0794-4CF3-93D5-0C88650BC71E}.Release|x86.Build.0 = Release|Any CPU
		{DE2FB7F7-09AC-4AD0-9194-60B908312EAD}.Debug|Any CPU.ActiveCfg = Debug|Any CPU
		{DE2FB7F7-09AC-4AD0-9194-60B908312EAD}.Debug|Any CPU.Build.0 = Debug|Any CPU
		{DE2FB7F7-09AC-4AD0-9194-60B908312EAD}.Debug|ARM.ActiveCfg = Debug|Any CPU
		{DE2FB7F7-09AC-4AD0-9194-60B908312EAD}.Debug|ARM.Build.0 = Debug|Any CPU
		{DE2FB7F7-09AC-4AD0-9194-60B908312EAD}.Debug|iPhone.ActiveCfg = Debug|Any CPU
		{DE2FB7F7-09AC-4AD0-9194-60B908312EAD}.Debug|iPhone.Build.0 = Debug|Any CPU
		{DE2FB7F7-09AC-4AD0-9194-60B908312EAD}.Debug|iPhoneSimulator.ActiveCfg = Debug|Any CPU
		{DE2FB7F7-09AC-4AD0-9194-60B908312EAD}.Debug|iPhoneSimulator.Build.0 = Debug|Any CPU
		{DE2FB7F7-09AC-4AD0-9194-60B908312EAD}.Debug|x64.ActiveCfg = Debug|Any CPU
		{DE2FB7F7-09AC-4AD0-9194-60B908312EAD}.Debug|x64.Build.0 = Debug|Any CPU
		{DE2FB7F7-09AC-4AD0-9194-60B908312EAD}.Debug|x86.ActiveCfg = Debug|Any CPU
		{DE2FB7F7-09AC-4AD0-9194-60B908312EAD}.Debug|x86.Build.0 = Debug|Any CPU
		{DE2FB7F7-09AC-4AD0-9194-60B908312EAD}.Release|Any CPU.ActiveCfg = Release|Any CPU
		{DE2FB7F7-09AC-4AD0-9194-60B908312EAD}.Release|Any CPU.Build.0 = Release|Any CPU
		{DE2FB7F7-09AC-4AD0-9194-60B908312EAD}.Release|ARM.ActiveCfg = Release|Any CPU
		{DE2FB7F7-09AC-4AD0-9194-60B908312EAD}.Release|ARM.Build.0 = Release|Any CPU
		{DE2FB7F7-09AC-4AD0-9194-60B908312EAD}.Release|iPhone.ActiveCfg = Release|Any CPU
		{DE2FB7F7-09AC-4AD0-9194-60B908312EAD}.Release|iPhone.Build.0 = Release|Any CPU
		{DE2FB7F7-09AC-4AD0-9194-60B908312EAD}.Release|iPhoneSimulator.ActiveCfg = Release|Any CPU
		{DE2FB7F7-09AC-4AD0-9194-60B908312EAD}.Release|iPhoneSimulator.Build.0 = Release|Any CPU
		{DE2FB7F7-09AC-4AD0-9194-60B908312EAD}.Release|x64.ActiveCfg = Release|Any CPU
		{DE2FB7F7-09AC-4AD0-9194-60B908312EAD}.Release|x64.Build.0 = Release|Any CPU
		{DE2FB7F7-09AC-4AD0-9194-60B908312EAD}.Release|x86.ActiveCfg = Release|Any CPU
		{DE2FB7F7-09AC-4AD0-9194-60B908312EAD}.Release|x86.Build.0 = Release|Any CPU
		{52A14891-8B2C-4F9B-90D4-D41203F33999}.Debug|Any CPU.ActiveCfg = Debug|Any CPU
		{52A14891-8B2C-4F9B-90D4-D41203F33999}.Debug|Any CPU.Build.0 = Debug|Any CPU
		{52A14891-8B2C-4F9B-90D4-D41203F33999}.Debug|ARM.ActiveCfg = Debug|Any CPU
		{52A14891-8B2C-4F9B-90D4-D41203F33999}.Debug|ARM.Build.0 = Debug|Any CPU
		{52A14891-8B2C-4F9B-90D4-D41203F33999}.Debug|iPhone.ActiveCfg = Debug|Any CPU
		{52A14891-8B2C-4F9B-90D4-D41203F33999}.Debug|iPhone.Build.0 = Debug|Any CPU
		{52A14891-8B2C-4F9B-90D4-D41203F33999}.Debug|iPhoneSimulator.ActiveCfg = Debug|Any CPU
		{52A14891-8B2C-4F9B-90D4-D41203F33999}.Debug|iPhoneSimulator.Build.0 = Debug|Any CPU
		{52A14891-8B2C-4F9B-90D4-D41203F33999}.Debug|x64.ActiveCfg = Debug|Any CPU
		{52A14891-8B2C-4F9B-90D4-D41203F33999}.Debug|x64.Build.0 = Debug|Any CPU
		{52A14891-8B2C-4F9B-90D4-D41203F33999}.Debug|x86.ActiveCfg = Debug|Any CPU
		{52A14891-8B2C-4F9B-90D4-D41203F33999}.Debug|x86.Build.0 = Debug|Any CPU
		{52A14891-8B2C-4F9B-90D4-D41203F33999}.Release|Any CPU.ActiveCfg = Release|Any CPU
		{52A14891-8B2C-4F9B-90D4-D41203F33999}.Release|Any CPU.Build.0 = Release|Any CPU
		{52A14891-8B2C-4F9B-90D4-D41203F33999}.Release|ARM.ActiveCfg = Release|Any CPU
		{52A14891-8B2C-4F9B-90D4-D41203F33999}.Release|ARM.Build.0 = Release|Any CPU
		{52A14891-8B2C-4F9B-90D4-D41203F33999}.Release|iPhone.ActiveCfg = Release|Any CPU
		{52A14891-8B2C-4F9B-90D4-D41203F33999}.Release|iPhone.Build.0 = Release|Any CPU
		{52A14891-8B2C-4F9B-90D4-D41203F33999}.Release|iPhoneSimulator.ActiveCfg = Release|Any CPU
		{52A14891-8B2C-4F9B-90D4-D41203F33999}.Release|iPhoneSimulator.Build.0 = Release|Any CPU
		{52A14891-8B2C-4F9B-90D4-D41203F33999}.Release|x64.ActiveCfg = Release|Any CPU
		{52A14891-8B2C-4F9B-90D4-D41203F33999}.Release|x64.Build.0 = Release|Any CPU
		{52A14891-8B2C-4F9B-90D4-D41203F33999}.Release|x86.ActiveCfg = Release|Any CPU
		{52A14891-8B2C-4F9B-90D4-D41203F33999}.Release|x86.Build.0 = Release|Any CPU
		{20F13ECA-3F2A-48A0-A406-C93D0A1E72C6}.Debug|Any CPU.ActiveCfg = Debug|Any CPU
		{20F13ECA-3F2A-48A0-A406-C93D0A1E72C6}.Debug|Any CPU.Build.0 = Debug|Any CPU
		{20F13ECA-3F2A-48A0-A406-C93D0A1E72C6}.Debug|ARM.ActiveCfg = Debug|Any CPU
		{20F13ECA-3F2A-48A0-A406-C93D0A1E72C6}.Debug|ARM.Build.0 = Debug|Any CPU
		{20F13ECA-3F2A-48A0-A406-C93D0A1E72C6}.Debug|iPhone.ActiveCfg = Debug|Any CPU
		{20F13ECA-3F2A-48A0-A406-C93D0A1E72C6}.Debug|iPhone.Build.0 = Debug|Any CPU
		{20F13ECA-3F2A-48A0-A406-C93D0A1E72C6}.Debug|iPhoneSimulator.ActiveCfg = Debug|Any CPU
		{20F13ECA-3F2A-48A0-A406-C93D0A1E72C6}.Debug|iPhoneSimulator.Build.0 = Debug|Any CPU
		{20F13ECA-3F2A-48A0-A406-C93D0A1E72C6}.Debug|x64.ActiveCfg = Debug|Any CPU
		{20F13ECA-3F2A-48A0-A406-C93D0A1E72C6}.Debug|x64.Build.0 = Debug|Any CPU
		{20F13ECA-3F2A-48A0-A406-C93D0A1E72C6}.Debug|x86.ActiveCfg = Debug|Any CPU
		{20F13ECA-3F2A-48A0-A406-C93D0A1E72C6}.Debug|x86.Build.0 = Debug|Any CPU
		{20F13ECA-3F2A-48A0-A406-C93D0A1E72C6}.Release|Any CPU.ActiveCfg = Release|Any CPU
		{20F13ECA-3F2A-48A0-A406-C93D0A1E72C6}.Release|Any CPU.Build.0 = Release|Any CPU
		{20F13ECA-3F2A-48A0-A406-C93D0A1E72C6}.Release|ARM.ActiveCfg = Release|Any CPU
		{20F13ECA-3F2A-48A0-A406-C93D0A1E72C6}.Release|ARM.Build.0 = Release|Any CPU
		{20F13ECA-3F2A-48A0-A406-C93D0A1E72C6}.Release|iPhone.ActiveCfg = Release|Any CPU
		{20F13ECA-3F2A-48A0-A406-C93D0A1E72C6}.Release|iPhone.Build.0 = Release|Any CPU
		{20F13ECA-3F2A-48A0-A406-C93D0A1E72C6}.Release|iPhoneSimulator.ActiveCfg = Release|Any CPU
		{20F13ECA-3F2A-48A0-A406-C93D0A1E72C6}.Release|iPhoneSimulator.Build.0 = Release|Any CPU
		{20F13ECA-3F2A-48A0-A406-C93D0A1E72C6}.Release|x64.ActiveCfg = Release|Any CPU
		{20F13ECA-3F2A-48A0-A406-C93D0A1E72C6}.Release|x64.Build.0 = Release|Any CPU
		{20F13ECA-3F2A-48A0-A406-C93D0A1E72C6}.Release|x86.ActiveCfg = Release|Any CPU
		{20F13ECA-3F2A-48A0-A406-C93D0A1E72C6}.Release|x86.Build.0 = Release|Any CPU
		{6EDD99B6-AD3A-454C-B227-E874EB2DB72A}.Debug|Any CPU.ActiveCfg = Debug|Any CPU
		{6EDD99B6-AD3A-454C-B227-E874EB2DB72A}.Debug|Any CPU.Build.0 = Debug|Any CPU
		{6EDD99B6-AD3A-454C-B227-E874EB2DB72A}.Debug|ARM.ActiveCfg = Debug|Any CPU
		{6EDD99B6-AD3A-454C-B227-E874EB2DB72A}.Debug|ARM.Build.0 = Debug|Any CPU
		{6EDD99B6-AD3A-454C-B227-E874EB2DB72A}.Debug|iPhone.ActiveCfg = Debug|Any CPU
		{6EDD99B6-AD3A-454C-B227-E874EB2DB72A}.Debug|iPhone.Build.0 = Debug|Any CPU
		{6EDD99B6-AD3A-454C-B227-E874EB2DB72A}.Debug|iPhoneSimulator.ActiveCfg = Debug|Any CPU
		{6EDD99B6-AD3A-454C-B227-E874EB2DB72A}.Debug|iPhoneSimulator.Build.0 = Debug|Any CPU
		{6EDD99B6-AD3A-454C-B227-E874EB2DB72A}.Debug|x64.ActiveCfg = Debug|Any CPU
		{6EDD99B6-AD3A-454C-B227-E874EB2DB72A}.Debug|x64.Build.0 = Debug|Any CPU
		{6EDD99B6-AD3A-454C-B227-E874EB2DB72A}.Debug|x86.ActiveCfg = Debug|Any CPU
		{6EDD99B6-AD3A-454C-B227-E874EB2DB72A}.Debug|x86.Build.0 = Debug|Any CPU
		{6EDD99B6-AD3A-454C-B227-E874EB2DB72A}.Release|Any CPU.ActiveCfg = Release|Any CPU
		{6EDD99B6-AD3A-454C-B227-E874EB2DB72A}.Release|Any CPU.Build.0 = Release|Any CPU
		{6EDD99B6-AD3A-454C-B227-E874EB2DB72A}.Release|ARM.ActiveCfg = Release|Any CPU
		{6EDD99B6-AD3A-454C-B227-E874EB2DB72A}.Release|ARM.Build.0 = Release|Any CPU
		{6EDD99B6-AD3A-454C-B227-E874EB2DB72A}.Release|iPhone.ActiveCfg = Release|Any CPU
		{6EDD99B6-AD3A-454C-B227-E874EB2DB72A}.Release|iPhone.Build.0 = Release|Any CPU
		{6EDD99B6-AD3A-454C-B227-E874EB2DB72A}.Release|iPhoneSimulator.ActiveCfg = Release|Any CPU
		{6EDD99B6-AD3A-454C-B227-E874EB2DB72A}.Release|iPhoneSimulator.Build.0 = Release|Any CPU
		{6EDD99B6-AD3A-454C-B227-E874EB2DB72A}.Release|x64.ActiveCfg = Release|Any CPU
		{6EDD99B6-AD3A-454C-B227-E874EB2DB72A}.Release|x64.Build.0 = Release|Any CPU
		{6EDD99B6-AD3A-454C-B227-E874EB2DB72A}.Release|x86.ActiveCfg = Release|Any CPU
		{6EDD99B6-AD3A-454C-B227-E874EB2DB72A}.Release|x86.Build.0 = Release|Any CPU
		{9723CB53-EADF-4E95-A305-CA0C59922A20}.Debug|Any CPU.ActiveCfg = Debug|x86
		{9723CB53-EADF-4E95-A305-CA0C59922A20}.Debug|ARM.ActiveCfg = Debug|ARM
		{9723CB53-EADF-4E95-A305-CA0C59922A20}.Debug|ARM.Build.0 = Debug|ARM
		{9723CB53-EADF-4E95-A305-CA0C59922A20}.Debug|ARM.Deploy.0 = Debug|ARM
		{9723CB53-EADF-4E95-A305-CA0C59922A20}.Debug|iPhone.ActiveCfg = Debug|x86
		{9723CB53-EADF-4E95-A305-CA0C59922A20}.Debug|iPhone.Build.0 = Debug|x86
		{9723CB53-EADF-4E95-A305-CA0C59922A20}.Debug|iPhone.Deploy.0 = Debug|x86
		{9723CB53-EADF-4E95-A305-CA0C59922A20}.Debug|iPhoneSimulator.ActiveCfg = Debug|x86
		{9723CB53-EADF-4E95-A305-CA0C59922A20}.Debug|x64.ActiveCfg = Debug|x64
		{9723CB53-EADF-4E95-A305-CA0C59922A20}.Debug|x64.Build.0 = Debug|x64
		{9723CB53-EADF-4E95-A305-CA0C59922A20}.Debug|x64.Deploy.0 = Debug|x64
		{9723CB53-EADF-4E95-A305-CA0C59922A20}.Debug|x86.ActiveCfg = Debug|x86
		{9723CB53-EADF-4E95-A305-CA0C59922A20}.Debug|x86.Build.0 = Debug|x86
		{9723CB53-EADF-4E95-A305-CA0C59922A20}.Debug|x86.Deploy.0 = Debug|x86
		{9723CB53-EADF-4E95-A305-CA0C59922A20}.Release|Any CPU.ActiveCfg = Release|x86
		{9723CB53-EADF-4E95-A305-CA0C59922A20}.Release|ARM.ActiveCfg = Release|ARM
		{9723CB53-EADF-4E95-A305-CA0C59922A20}.Release|ARM.Build.0 = Release|ARM
		{9723CB53-EADF-4E95-A305-CA0C59922A20}.Release|ARM.Deploy.0 = Release|ARM
		{9723CB53-EADF-4E95-A305-CA0C59922A20}.Release|iPhone.ActiveCfg = Release|x86
		{9723CB53-EADF-4E95-A305-CA0C59922A20}.Release|iPhoneSimulator.ActiveCfg = Release|x86
		{9723CB53-EADF-4E95-A305-CA0C59922A20}.Release|x64.ActiveCfg = Release|x64
		{9723CB53-EADF-4E95-A305-CA0C59922A20}.Release|x64.Build.0 = Release|x64
		{9723CB53-EADF-4E95-A305-CA0C59922A20}.Release|x64.Deploy.0 = Release|x64
		{9723CB53-EADF-4E95-A305-CA0C59922A20}.Release|x86.ActiveCfg = Release|x86
		{9723CB53-EADF-4E95-A305-CA0C59922A20}.Release|x86.Build.0 = Release|x86
		{9723CB53-EADF-4E95-A305-CA0C59922A20}.Release|x86.Deploy.0 = Release|x86
		{DAF6F6F8-526A-4B8F-8D43-7310F92662A2}.Debug|Any CPU.ActiveCfg = Debug|Any CPU
		{DAF6F6F8-526A-4B8F-8D43-7310F92662A2}.Debug|Any CPU.Build.0 = Debug|Any CPU
		{DAF6F6F8-526A-4B8F-8D43-7310F92662A2}.Debug|Any CPU.Deploy.0 = Debug|Any CPU
		{DAF6F6F8-526A-4B8F-8D43-7310F92662A2}.Debug|ARM.ActiveCfg = Debug|Any CPU
		{DAF6F6F8-526A-4B8F-8D43-7310F92662A2}.Debug|ARM.Build.0 = Debug|Any CPU
		{DAF6F6F8-526A-4B8F-8D43-7310F92662A2}.Debug|ARM.Deploy.0 = Debug|Any CPU
		{DAF6F6F8-526A-4B8F-8D43-7310F92662A2}.Debug|iPhone.ActiveCfg = Debug|Any CPU
		{DAF6F6F8-526A-4B8F-8D43-7310F92662A2}.Debug|iPhone.Build.0 = Debug|Any CPU
		{DAF6F6F8-526A-4B8F-8D43-7310F92662A2}.Debug|iPhone.Deploy.0 = Debug|Any CPU
		{DAF6F6F8-526A-4B8F-8D43-7310F92662A2}.Debug|iPhoneSimulator.ActiveCfg = Debug|Any CPU
		{DAF6F6F8-526A-4B8F-8D43-7310F92662A2}.Debug|iPhoneSimulator.Build.0 = Debug|Any CPU
		{DAF6F6F8-526A-4B8F-8D43-7310F92662A2}.Debug|iPhoneSimulator.Deploy.0 = Debug|Any CPU
		{DAF6F6F8-526A-4B8F-8D43-7310F92662A2}.Debug|x64.ActiveCfg = Debug|Any CPU
		{DAF6F6F8-526A-4B8F-8D43-7310F92662A2}.Debug|x64.Build.0 = Debug|Any CPU
		{DAF6F6F8-526A-4B8F-8D43-7310F92662A2}.Debug|x64.Deploy.0 = Debug|Any CPU
		{DAF6F6F8-526A-4B8F-8D43-7310F92662A2}.Debug|x86.ActiveCfg = Debug|Any CPU
		{DAF6F6F8-526A-4B8F-8D43-7310F92662A2}.Debug|x86.Build.0 = Debug|Any CPU
		{DAF6F6F8-526A-4B8F-8D43-7310F92662A2}.Debug|x86.Deploy.0 = Debug|Any CPU
		{DAF6F6F8-526A-4B8F-8D43-7310F92662A2}.Release|Any CPU.ActiveCfg = Release|Any CPU
		{DAF6F6F8-526A-4B8F-8D43-7310F92662A2}.Release|Any CPU.Build.0 = Release|Any CPU
		{DAF6F6F8-526A-4B8F-8D43-7310F92662A2}.Release|Any CPU.Deploy.0 = Release|Any CPU
		{DAF6F6F8-526A-4B8F-8D43-7310F92662A2}.Release|ARM.ActiveCfg = Release|Any CPU
		{DAF6F6F8-526A-4B8F-8D43-7310F92662A2}.Release|ARM.Build.0 = Release|Any CPU
		{DAF6F6F8-526A-4B8F-8D43-7310F92662A2}.Release|ARM.Deploy.0 = Release|Any CPU
		{DAF6F6F8-526A-4B8F-8D43-7310F92662A2}.Release|iPhone.ActiveCfg = Release|Any CPU
		{DAF6F6F8-526A-4B8F-8D43-7310F92662A2}.Release|iPhone.Build.0 = Release|Any CPU
		{DAF6F6F8-526A-4B8F-8D43-7310F92662A2}.Release|iPhone.Deploy.0 = Release|Any CPU
		{DAF6F6F8-526A-4B8F-8D43-7310F92662A2}.Release|iPhoneSimulator.ActiveCfg = Release|Any CPU
		{DAF6F6F8-526A-4B8F-8D43-7310F92662A2}.Release|iPhoneSimulator.Build.0 = Release|Any CPU
		{DAF6F6F8-526A-4B8F-8D43-7310F92662A2}.Release|iPhoneSimulator.Deploy.0 = Release|Any CPU
		{DAF6F6F8-526A-4B8F-8D43-7310F92662A2}.Release|x64.ActiveCfg = Release|Any CPU
		{DAF6F6F8-526A-4B8F-8D43-7310F92662A2}.Release|x64.Build.0 = Release|Any CPU
		{DAF6F6F8-526A-4B8F-8D43-7310F92662A2}.Release|x64.Deploy.0 = Release|Any CPU
		{DAF6F6F8-526A-4B8F-8D43-7310F92662A2}.Release|x86.ActiveCfg = Release|Any CPU
		{DAF6F6F8-526A-4B8F-8D43-7310F92662A2}.Release|x86.Build.0 = Release|Any CPU
		{DAF6F6F8-526A-4B8F-8D43-7310F92662A2}.Release|x86.Deploy.0 = Release|Any CPU
		{EBF05852-C2F7-4918-9A4A-E7EE9EAE4F87}.Debug|Any CPU.ActiveCfg = Debug|iPhone
		{EBF05852-C2F7-4918-9A4A-E7EE9EAE4F87}.Debug|ARM.ActiveCfg = Debug|iPhone
		{EBF05852-C2F7-4918-9A4A-E7EE9EAE4F87}.Debug|iPhone.ActiveCfg = Debug|iPhone
		{EBF05852-C2F7-4918-9A4A-E7EE9EAE4F87}.Debug|iPhone.Build.0 = Debug|iPhone
		{EBF05852-C2F7-4918-9A4A-E7EE9EAE4F87}.Debug|iPhone.Deploy.0 = Debug|iPhone
		{EBF05852-C2F7-4918-9A4A-E7EE9EAE4F87}.Debug|iPhoneSimulator.ActiveCfg = Debug|iPhoneSimulator
		{EBF05852-C2F7-4918-9A4A-E7EE9EAE4F87}.Debug|iPhoneSimulator.Build.0 = Debug|iPhoneSimulator
		{EBF05852-C2F7-4918-9A4A-E7EE9EAE4F87}.Debug|x64.ActiveCfg = Debug|iPhone
		{EBF05852-C2F7-4918-9A4A-E7EE9EAE4F87}.Debug|x86.ActiveCfg = Debug|iPhone
		{EBF05852-C2F7-4918-9A4A-E7EE9EAE4F87}.Release|Any CPU.ActiveCfg = Release|iPhone
		{EBF05852-C2F7-4918-9A4A-E7EE9EAE4F87}.Release|ARM.ActiveCfg = Release|iPhone
		{EBF05852-C2F7-4918-9A4A-E7EE9EAE4F87}.Release|iPhone.ActiveCfg = Release|iPhone
		{EBF05852-C2F7-4918-9A4A-E7EE9EAE4F87}.Release|iPhone.Build.0 = Release|iPhone
		{EBF05852-C2F7-4918-9A4A-E7EE9EAE4F87}.Release|iPhoneSimulator.ActiveCfg = Release|iPhoneSimulator
		{EBF05852-C2F7-4918-9A4A-E7EE9EAE4F87}.Release|iPhoneSimulator.Build.0 = Release|iPhoneSimulator
		{EBF05852-C2F7-4918-9A4A-E7EE9EAE4F87}.Release|x64.ActiveCfg = Release|iPhone
		{EBF05852-C2F7-4918-9A4A-E7EE9EAE4F87}.Release|x86.ActiveCfg = Release|iPhone
		{0741C631-F621-4BB2-A916-A40B2746B14B}.Debug|Any CPU.ActiveCfg = Debug|Any CPU
		{0741C631-F621-4BB2-A916-A40B2746B14B}.Debug|Any CPU.Build.0 = Debug|Any CPU
		{0741C631-F621-4BB2-A916-A40B2746B14B}.Debug|ARM.ActiveCfg = Debug|Any CPU
		{0741C631-F621-4BB2-A916-A40B2746B14B}.Debug|ARM.Build.0 = Debug|Any CPU
		{0741C631-F621-4BB2-A916-A40B2746B14B}.Debug|iPhone.ActiveCfg = Debug|Any CPU
		{0741C631-F621-4BB2-A916-A40B2746B14B}.Debug|iPhone.Build.0 = Debug|Any CPU
		{0741C631-F621-4BB2-A916-A40B2746B14B}.Debug|iPhoneSimulator.ActiveCfg = Debug|Any CPU
		{0741C631-F621-4BB2-A916-A40B2746B14B}.Debug|iPhoneSimulator.Build.0 = Debug|Any CPU
		{0741C631-F621-4BB2-A916-A40B2746B14B}.Debug|x64.ActiveCfg = Debug|Any CPU
		{0741C631-F621-4BB2-A916-A40B2746B14B}.Debug|x64.Build.0 = Debug|Any CPU
		{0741C631-F621-4BB2-A916-A40B2746B14B}.Debug|x86.ActiveCfg = Debug|Any CPU
		{0741C631-F621-4BB2-A916-A40B2746B14B}.Debug|x86.Build.0 = Debug|Any CPU
		{0741C631-F621-4BB2-A916-A40B2746B14B}.Release|Any CPU.ActiveCfg = Release|Any CPU
		{0741C631-F621-4BB2-A916-A40B2746B14B}.Release|Any CPU.Build.0 = Release|Any CPU
		{0741C631-F621-4BB2-A916-A40B2746B14B}.Release|ARM.ActiveCfg = Release|Any CPU
		{0741C631-F621-4BB2-A916-A40B2746B14B}.Release|ARM.Build.0 = Release|Any CPU
		{0741C631-F621-4BB2-A916-A40B2746B14B}.Release|iPhone.ActiveCfg = Release|Any CPU
		{0741C631-F621-4BB2-A916-A40B2746B14B}.Release|iPhone.Build.0 = Release|Any CPU
		{0741C631-F621-4BB2-A916-A40B2746B14B}.Release|iPhoneSimulator.ActiveCfg = Release|Any CPU
		{0741C631-F621-4BB2-A916-A40B2746B14B}.Release|iPhoneSimulator.Build.0 = Release|Any CPU
		{0741C631-F621-4BB2-A916-A40B2746B14B}.Release|x64.ActiveCfg = Release|Any CPU
		{0741C631-F621-4BB2-A916-A40B2746B14B}.Release|x64.Build.0 = Release|Any CPU
		{0741C631-F621-4BB2-A916-A40B2746B14B}.Release|x86.ActiveCfg = Release|Any CPU
		{0741C631-F621-4BB2-A916-A40B2746B14B}.Release|x86.Build.0 = Release|Any CPU
	EndGlobalSection
	GlobalSection(SolutionProperties) = preSolution
		HideSolutionNode = FALSE
	EndGlobalSection
	GlobalSection(NestedProjects) = preSolution
		{A8716E62-358C-44F2-A18E-C5E585D097FD} = {97180568-CCF4-4011-B690-8162BC14D032}
		{71EE749A-5914-489C-B7C7-9BA7C59A35D2} = {97180568-CCF4-4011-B690-8162BC14D032}
		{8BF6D1C6-0541-4B05-A23D-3D7719497018} = {97180568-CCF4-4011-B690-8162BC14D032}
		{6490EA68-27AD-4321-BE2D-A1854DE2D992} = {97180568-CCF4-4011-B690-8162BC14D032}
		{5D3EA990-B6C1-44CD-A610-9DF07C49AEAE} = {97180568-CCF4-4011-B690-8162BC14D032}
		{1A4E38C5-0794-4CF3-93D5-0C88650BC71E} = {97180568-CCF4-4011-B690-8162BC14D032}
		{DE2FB7F7-09AC-4AD0-9194-60B908312EAD} = {97180568-CCF4-4011-B690-8162BC14D032}
		{9723CB53-EADF-4E95-A305-CA0C59922A20} = {97180568-CCF4-4011-B690-8162BC14D032}
		{DAF6F6F8-526A-4B8F-8D43-7310F92662A2} = {97180568-CCF4-4011-B690-8162BC14D032}
		{EBF05852-C2F7-4918-9A4A-E7EE9EAE4F87} = {97180568-CCF4-4011-B690-8162BC14D032}
		{0741C631-F621-4BB2-A916-A40B2746B14B} = {97180568-CCF4-4011-B690-8162BC14D032}
	EndGlobalSection
	GlobalSection(ExtensibilityGlobals) = postSolution
		SolutionGuid = {9A7D8285-DDDC-4328-8A42-854FAC743947}
	EndGlobalSection
EndGlobal
