
Microsoft Visual Studio Solution File, Format Version 12.00
# Visual Studio 14
VisualStudioVersion = 14.0.25123.0
MinimumVisualStudioVersion = 10.0.40219.1
Project("{FAE04EC0-301F-11D3-BF4B-00C04F79EFBC}") = "Speedy", "Speedy\Speedy.csproj", "{DE1FCAF6-D683-44B7-B8E3-FF6A19569C16}"
EndProject
Project("{FAE04EC0-301F-11D3-BF4B-00C04F79EFBC}") = "Speedy.EntityFrameworkCore", "Speedy.EntityFrameworkCore\Speedy.EntityFrameworkCore.csproj", "{3B3E1EAE-53A5-40A6-9605-F59ED73DC68A}"
EndProject
Project("{FAE04EC0-301F-11D3-BF4B-00C04F79EFBC}") = "Speedy.Samples.EntityFrameworkCore", "Speedy.Samples.EntityFrameworkCore\Speedy.Samples.EntityFrameworkCore.csproj", "{9CF7D6DF-6B02-41B3-B39F-BAFC0716BE94}"
EndProject
Global
	GlobalSection(SolutionConfigurationPlatforms) = preSolution
		Debug|Any CPU = Debug|Any CPU
		Release|Any CPU = Release|Any CPU
	EndGlobalSection
	GlobalSection(ProjectConfigurationPlatforms) = postSolution
		{DE1FCAF6-D683-44B7-B8E3-FF6A19569C16}.Debug|Any CPU.ActiveCfg = Debug|Any CPU
		{DE1FCAF6-D683-44B7-B8E3-FF6A19569C16}.Debug|Any CPU.Build.0 = Debug|Any CPU
		{DE1FCAF6-D683-44B7-B8E3-FF6A19569C16}.Release|Any CPU.ActiveCfg = Release|Any CPU
		{DE1FCAF6-D683-44B7-B8E3-FF6A19569C16}.Release|Any CPU.Build.0 = Release|Any CPU
		{3B3E1EAE-53A5-40A6-9605-F59ED73DC68A}.Debug|Any CPU.ActiveCfg = Debug|Any CPU
		{3B3E1EAE-53A5-40A6-9605-F59ED73DC68A}.Debug|Any CPU.Build.0 = Debug|Any CPU
		{3B3E1EAE-53A5-40A6-9605-F59ED73DC68A}.Release|Any CPU.ActiveCfg = Release|Any CPU
		{3B3E1EAE-53A5-40A6-9605-F59ED73DC68A}.Release|Any CPU.Build.0 = Release|Any CPU
		{9CF7D6DF-6B02-41B3-B39F-BAFC0716BE94}.Debug|Any CPU.ActiveCfg = Debug|Any CPU
		{9CF7D6DF-6B02-41B3-B39F-BAFC0716BE94}.Debug|Any CPU.Build.0 = Debug|Any CPU
		{9CF7D6DF-6B02-41B3-B39F-BAFC0716BE94}.Release|Any CPU.ActiveCfg = Release|Any CPU
		{9CF7D6DF-6B02-41B3-B39F-BAFC0716BE94}.Release|Any CPU.Build.0 = Release|Any CPU
	EndGlobalSection
	GlobalSection(SolutionProperties) = preSolution
		HideSolutionNode = FALSE
	EndGlobalSection
EndGlobal
