
Microsoft Visual Studio Solution File, Format Version 12.00
# Visual Studio 15
VisualStudioVersion = 15.0.26430.15
MinimumVisualStudioVersion = 10.0.40219.1
Project("{9A19103F-16F7-4668-BE54-9A1E7A4F7556}") = "Speedy", "Speedy\Speedy.csproj", "{DE1FCAF6-D683-44B7-B8E3-FF6A19569C16}"
EndProject
Project("{9A19103F-16F7-4668-BE54-9A1E7A4F7556}") = "Speedy.Samples", "Speedy.Samples\Speedy.Samples.csproj", "{A8716E62-358C-44F2-A18E-C5E585D097FD}"
EndProject
Project("{9A19103F-16F7-4668-BE54-9A1E7A4F7556}") = "Speedy.Samples.Tests", "Speedy.Samples.Tests\Speedy.Samples.Tests.csproj", "{7F209854-96E7-4750-A7B7-DD13B812CCDA}"
EndProject
Project("{2150E333-8FDC-42A3-9474-1A3956D46DE8}") = "Solution Items", "Solution Items", "{482440A1-EDF1-4557-BC4F-FE8C8554271D}"
	ProjectSection(SolutionItems) = preProject
		LICENSE.md = LICENSE.md
		README.md = README.md
		Speedy.EntityFramework.nuspec = Speedy.EntityFramework.nuspec
		Speedy.nuspec = Speedy.nuspec
	EndProjectSection
EndProject
Project("{2150E333-8FDC-42A3-9474-1A3956D46DE8}") = "Scripts", "Scripts", "{F1A7E526-B6CD-4FFA-9149-B469DA2819E3}"
	ProjectSection(SolutionItems) = preProject
		Build.ps1 = Build.ps1
		IncrementVersion.ps1 = IncrementVersion.ps1
		Publish.ps1 = Publish.ps1
	EndProjectSection
EndProject
Project("{9A19103F-16F7-4668-BE54-9A1E7A4F7556}") = "Speedy.Tests", "Speedy.Tests\Speedy.Tests.csproj", "{C2581216-9211-40E4-9642-3ED24ABCF673}"
EndProject
Project("{9A19103F-16F7-4668-BE54-9A1E7A4F7556}") = "Speedy.Website", "Speedy.Website\Speedy.Website.csproj", "{45149491-D0E3-4C52-998C-9AFC43A141D5}"
EndProject
Global
	GlobalSection(SolutionConfigurationPlatforms) = preSolution
		Debug|Any CPU = Debug|Any CPU
		Release|Any CPU = Release|Any CPU
	EndGlobalSection
	GlobalSection(ProjectConfigurationPlatforms) = postSolution
		{DE1FCAF6-D683-44B7-B8E3-FF6A19569C16}.Debug|Any CPU.ActiveCfg = Debug|Any CPU
		{DE1FCAF6-D683-44B7-B8E3-FF6A19569C16}.Debug|Any CPU.Build.0 = Debug|Any CPU
		{DE1FCAF6-D683-44B7-B8E3-FF6A19569C16}.Release|Any CPU.ActiveCfg = Release|Any CPU
		{DE1FCAF6-D683-44B7-B8E3-FF6A19569C16}.Release|Any CPU.Build.0 = Release|Any CPU
		{A8716E62-358C-44F2-A18E-C5E585D097FD}.Debug|Any CPU.ActiveCfg = Debug|Any CPU
		{A8716E62-358C-44F2-A18E-C5E585D097FD}.Debug|Any CPU.Build.0 = Debug|Any CPU
		{A8716E62-358C-44F2-A18E-C5E585D097FD}.Release|Any CPU.ActiveCfg = Release|Any CPU
		{A8716E62-358C-44F2-A18E-C5E585D097FD}.Release|Any CPU.Build.0 = Release|Any CPU
		{7F209854-96E7-4750-A7B7-DD13B812CCDA}.Debug|Any CPU.ActiveCfg = Debug|Any CPU
		{7F209854-96E7-4750-A7B7-DD13B812CCDA}.Debug|Any CPU.Build.0 = Debug|Any CPU
		{7F209854-96E7-4750-A7B7-DD13B812CCDA}.Release|Any CPU.ActiveCfg = Release|Any CPU
		{7F209854-96E7-4750-A7B7-DD13B812CCDA}.Release|Any CPU.Build.0 = Release|Any CPU
		{C2581216-9211-40E4-9642-3ED24ABCF673}.Debug|Any CPU.ActiveCfg = Debug|Any CPU
		{C2581216-9211-40E4-9642-3ED24ABCF673}.Debug|Any CPU.Build.0 = Debug|Any CPU
		{C2581216-9211-40E4-9642-3ED24ABCF673}.Release|Any CPU.ActiveCfg = Release|Any CPU
		{C2581216-9211-40E4-9642-3ED24ABCF673}.Release|Any CPU.Build.0 = Release|Any CPU
		{45149491-D0E3-4C52-998C-9AFC43A141D5}.Debug|Any CPU.ActiveCfg = Debug|Any CPU
		{45149491-D0E3-4C52-998C-9AFC43A141D5}.Debug|Any CPU.Build.0 = Debug|Any CPU
		{45149491-D0E3-4C52-998C-9AFC43A141D5}.Release|Any CPU.ActiveCfg = Release|Any CPU
		{45149491-D0E3-4C52-998C-9AFC43A141D5}.Release|Any CPU.Build.0 = Release|Any CPU
	EndGlobalSection
	GlobalSection(SolutionProperties) = preSolution
		HideSolutionNode = FALSE
	EndGlobalSection
	GlobalSection(ExtensibilityGlobals) = postSolution
		SolutionGuid = {9A7D8285-DDDC-4328-8A42-854FAC743947}
	EndGlobalSection
EndGlobal
